
Microsoft Visual Studio Solution File, Format Version 12.00
# Visual Studio Version 17
VisualStudioVersion = 17.4.33403.182
MinimumVisualStudioVersion = 10.0.40219.1
Project("{FAE04EC0-301F-11D3-BF4B-00C04F79EFBC}") = "homework1", "homework1.csproj", "{81579D00-E080-42B7-98FD-274D22666251}"
EndProject
Global
	GlobalSection(SolutionConfigurationPlatforms) = preSolution
		Debug|Any CPU = Debug|Any CPU
		Release|Any CPU = Release|Any CPU
	EndGlobalSection
	GlobalSection(ProjectConfigurationPlatforms) = postSolution
		{81579D00-E080-42B7-98FD-274D22666251}.Debug|Any CPU.ActiveCfg = Debug|Any CPU
		{81579D00-E080-42B7-98FD-274D22666251}.Debug|Any CPU.Build.0 = Debug|Any CPU
		{81579D00-E080-42B7-98FD-274D22666251}.Release|Any CPU.ActiveCfg = Release|Any CPU
		{81579D00-E080-42B7-98FD-274D22666251}.Release|Any CPU.Build.0 = Release|Any CPU
	EndGlobalSection
	GlobalSection(SolutionProperties) = preSolution
		HideSolutionNode = FALSE
	EndGlobalSection
	GlobalSection(ExtensibilityGlobals) = postSolution
		SolutionGuid = {DCF3151B-0AF2-46F1-A364-0DE4A1F451BF}
	EndGlobalSection
EndGlobal
