
Microsoft Visual Studio Solution File, Format Version 12.00
# Visual Studio Version 17
VisualStudioVersion = 17.5.33530.505
MinimumVisualStudioVersion = 10.0.40219.1
Project("{FAE04EC0-301F-11D3-BF4B-00C04F79EFBC}") = "homework6", "homework6.csproj", "{649C7D65-A33A-4C5D-BC45-98E559A9B4FF}"
EndProject
Global
	GlobalSection(SolutionConfigurationPlatforms) = preSolution
		Debug|Any CPU = Debug|Any CPU
		Release|Any CPU = Release|Any CPU
	EndGlobalSection
	GlobalSection(ProjectConfigurationPlatforms) = postSolution
		{649C7D65-A33A-4C5D-BC45-98E559A9B4FF}.Debug|Any CPU.ActiveCfg = Debug|Any CPU
		{649C7D65-A33A-4C5D-BC45-98E559A9B4FF}.Debug|Any CPU.Build.0 = Debug|Any CPU
		{649C7D65-A33A-4C5D-BC45-98E559A9B4FF}.Release|Any CPU.ActiveCfg = Release|Any CPU
		{649C7D65-A33A-4C5D-BC45-98E559A9B4FF}.Release|Any CPU.Build.0 = Release|Any CPU
	EndGlobalSection
	GlobalSection(SolutionProperties) = preSolution
		HideSolutionNode = FALSE
	EndGlobalSection
	GlobalSection(ExtensibilityGlobals) = postSolution
		SolutionGuid = {AC6294EE-7871-495B-9B73-B097F80B2720}
	EndGlobalSection
EndGlobal
